
Microsoft Visual Studio Solution File, Format Version 11.00
# Visual Studio 2010
Project("{FAE04EC0-301F-11D3-BF4B-00C04F79EFBC}") = "Force MWE", "Assembly-CSharp.csproj", "{CEEF6CA5-3343-C124-2041-49AE500B0A98}"
EndProject
Global
	GlobalSection(SolutionConfigurationPlatforms) = preSolution
		Debug|Any CPU = Debug|Any CPU
		Release|Any CPU = Release|Any CPU
	EndGlobalSection
	GlobalSection(ProjectConfigurationPlatforms) = postSolution
		{CEEF6CA5-3343-C124-2041-49AE500B0A98}.Debug|Any CPU.ActiveCfg = Debug|Any CPU
		{CEEF6CA5-3343-C124-2041-49AE500B0A98}.Debug|Any CPU.Build.0 = Debug|Any CPU
		{CEEF6CA5-3343-C124-2041-49AE500B0A98}.Release|Any CPU.ActiveCfg = Release|Any CPU
		{CEEF6CA5-3343-C124-2041-49AE500B0A98}.Release|Any CPU.Build.0 = Release|Any CPU
	EndGlobalSection
	GlobalSection(SolutionProperties) = preSolution
		HideSolutionNode = FALSE
	EndGlobalSection
	GlobalSection(MonoDevelopProperties) = preSolution
		StartupItem = Assembly-CSharp.csproj
	EndGlobalSection
EndGlobal
